
Microsoft Visual Studio Solution File, Format Version 12.00
# Visual Studio Version 17
VisualStudioVersion = 17.12.35527.113
MinimumVisualStudioVersion = 10.0.40219.1
Project("{FAE04EC0-301F-11D3-BF4B-00C04F79EFBC}") = "TraceEventExample", "TraceEventExample\TraceEventExample.csproj", "{1B8A6B7D-6B19-4D95-B2EB-F1C16E773BF8}"
EndProject
Global
	GlobalSection(SolutionConfigurationPlatforms) = preSolution
		Debug|Any CPU = Debug|Any CPU
		Debug|ARM64 = Debug|ARM64
		Debug|x64 = Debug|x64
		DebugSigning|Any CPU = DebugSigning|Any CPU
		DebugSigning|ARM64 = DebugSigning|ARM64
		DebugSigning|x64 = DebugSigning|x64
		Release|Any CPU = Release|Any CPU
		Release|ARM64 = Release|ARM64
		Release|x64 = Release|x64
		ReleaseSigning|Any CPU = ReleaseSigning|Any CPU
		ReleaseSigning|ARM64 = ReleaseSigning|ARM64
		ReleaseSigning|x64 = ReleaseSigning|x64
	EndGlobalSection
	GlobalSection(ProjectConfigurationPlatforms) = postSolution
		{1B8A6B7D-6B19-4D95-B2EB-F1C16E773BF8}.Debug|Any CPU.ActiveCfg = Debug|Any CPU
		{1B8A6B7D-6B19-4D95-B2EB-F1C16E773BF8}.Debug|Any CPU.Build.0 = Debug|Any CPU
		{1B8A6B7D-6B19-4D95-B2EB-F1C16E773BF8}.Debug|ARM64.ActiveCfg = Debug|Any CPU
		{1B8A6B7D-6B19-4D95-B2EB-F1C16E773BF8}.Debug|ARM64.Build.0 = Debug|Any CPU
		{1B8A6B7D-6B19-4D95-B2EB-F1C16E773BF8}.Debug|x64.ActiveCfg = Debug|Any CPU
		{1B8A6B7D-6B19-4D95-B2EB-F1C16E773BF8}.Debug|x64.Build.0 = Debug|Any CPU
		{1B8A6B7D-6B19-4D95-B2EB-F1C16E773BF8}.DebugSigning|Any CPU.ActiveCfg = Debug|Any CPU
		{1B8A6B7D-6B19-4D95-B2EB-F1C16E773BF8}.DebugSigning|Any CPU.Build.0 = Debug|Any CPU
		{1B8A6B7D-6B19-4D95-B2EB-F1C16E773BF8}.DebugSigning|ARM64.ActiveCfg = Debug|Any CPU
		{1B8A6B7D-6B19-4D95-B2EB-F1C16E773BF8}.DebugSigning|ARM64.Build.0 = Debug|Any CPU
		{1B8A6B7D-6B19-4D95-B2EB-F1C16E773BF8}.DebugSigning|x64.ActiveCfg = Debug|Any CPU
		{1B8A6B7D-6B19-4D95-B2EB-F1C16E773BF8}.DebugSigning|x64.Build.0 = Debug|Any CPU
		{1B8A6B7D-6B19-4D95-B2EB-F1C16E773BF8}.Release|Any CPU.ActiveCfg = Release|Any CPU
		{1B8A6B7D-6B19-4D95-B2EB-F1C16E773BF8}.Release|Any CPU.Build.0 = Release|Any CPU
		{1B8A6B7D-6B19-4D95-B2EB-F1C16E773BF8}.Release|ARM64.ActiveCfg = Release|Any CPU
		{1B8A6B7D-6B19-4D95-B2EB-F1C16E773BF8}.Release|ARM64.Build.0 = Release|Any CPU
		{1B8A6B7D-6B19-4D95-B2EB-F1C16E773BF8}.Release|x64.ActiveCfg = Release|Any CPU
		{1B8A6B7D-6B19-4D95-B2EB-F1C16E773BF8}.Release|x64.Build.0 = Release|Any CPU
		{1B8A6B7D-6B19-4D95-B2EB-F1C16E773BF8}.ReleaseSigning|Any CPU.ActiveCfg = Release|Any CPU
		{1B8A6B7D-6B19-4D95-B2EB-F1C16E773BF8}.ReleaseSigning|Any CPU.Build.0 = Release|Any CPU
		{1B8A6B7D-6B19-4D95-B2EB-F1C16E773BF8}.ReleaseSigning|ARM64.ActiveCfg = Release|Any CPU
		{1B8A6B7D-6B19-4D95-B2EB-F1C16E773BF8}.ReleaseSigning|ARM64.Build.0 = Release|Any CPU
		{1B8A6B7D-6B19-4D95-B2EB-F1C16E773BF8}.ReleaseSigning|x64.ActiveCfg = Release|Any CPU
		{1B8A6B7D-6B19-4D95-B2EB-F1C16E773BF8}.ReleaseSigning|x64.Build.0 = Release|Any CPU
	EndGlobalSection
	GlobalSection(SolutionProperties) = preSolution
		HideSolutionNode = FALSE
	EndGlobalSection
EndGlobal
